
Microsoft Visual Studio Solution File, Format Version 12.00
# Visual Studio Version 17
VisualStudioVersion = 17.6.33815.320
MinimumVisualStudioVersion = 10.0.40219.1
Project("{9A19103F-16F7-4668-BE54-9A1E7A4F7556}") = "Communify-Backend", "Communify-Backend.csproj", "{4CD58F3B-894E-484C-A9B3-7F7E14A477B8}"
	ProjectSection(ProjectDependencies) = postProject
		{A3947E85-0863-47BC-8CE5-727D49E51CA9} = {A3947E85-0863-47BC-8CE5-727D49E51CA9}
	EndProjectSection
EndProject
Project("{9A19103F-16F7-4668-BE54-9A1E7A4F7556}") = "CommunifyLibrary", "CommunifyLibrary\CommunifyLibrary.csproj", "{A3947E85-0863-47BC-8CE5-727D49E51CA9}"
EndProject
Project("{FAE04EC0-301F-11D3-BF4B-00C04F79EFBC}") = "Communify.CDN", "..\Communify.CDN\Communify.CDN.csproj", "{E16B1E7F-A656-432C-98DA-668877780010}"
EndProject
Global
	GlobalSection(SolutionConfigurationPlatforms) = preSolution
		Debug|Any CPU = Debug|Any CPU
		Release|Any CPU = Release|Any CPU
	EndGlobalSection
	GlobalSection(ProjectConfigurationPlatforms) = postSolution
		{4CD58F3B-894E-484C-A9B3-7F7E14A477B8}.Debug|Any CPU.ActiveCfg = Debug|Any CPU
		{4CD58F3B-894E-484C-A9B3-7F7E14A477B8}.Debug|Any CPU.Build.0 = Debug|Any CPU
		{4CD58F3B-894E-484C-A9B3-7F7E14A477B8}.Release|Any CPU.ActiveCfg = Release|Any CPU
		{4CD58F3B-894E-484C-A9B3-7F7E14A477B8}.Release|Any CPU.Build.0 = Release|Any CPU
		{A3947E85-0863-47BC-8CE5-727D49E51CA9}.Debug|Any CPU.ActiveCfg = Debug|Any CPU
		{A3947E85-0863-47BC-8CE5-727D49E51CA9}.Debug|Any CPU.Build.0 = Debug|Any CPU
		{A3947E85-0863-47BC-8CE5-727D49E51CA9}.Release|Any CPU.ActiveCfg = Release|Any CPU
		{A3947E85-0863-47BC-8CE5-727D49E51CA9}.Release|Any CPU.Build.0 = Release|Any CPU
		{E16B1E7F-A656-432C-98DA-668877780010}.Debug|Any CPU.ActiveCfg = Debug|Any CPU
		{E16B1E7F-A656-432C-98DA-668877780010}.Debug|Any CPU.Build.0 = Debug|Any CPU
		{E16B1E7F-A656-432C-98DA-668877780010}.Release|Any CPU.ActiveCfg = Release|Any CPU
		{E16B1E7F-A656-432C-98DA-668877780010}.Release|Any CPU.Build.0 = Release|Any CPU
	EndGlobalSection
	GlobalSection(SolutionProperties) = preSolution
		HideSolutionNode = FALSE
	EndGlobalSection
	GlobalSection(ExtensibilityGlobals) = postSolution
		SolutionGuid = {84A19360-2F72-4C51-AD4C-1487F89D70DB}
	EndGlobalSection
EndGlobal
